
Microsoft Visual Studio Solution File, Format Version 12.00
# Visual Studio Version 17
VisualStudioVersion = 17.0.32014.148
MinimumVisualStudioVersion = 10.0.40219.1
Project("{FAE04EC0-301F-11D3-BF4B-00C04F79EFBC}") = "Batch2Exe-Wrapper-Template", "Batch2Exe-Wrapper-Template.csproj", "{062F173F-9E37-4365-8FF4-1C25D520FE01}"
EndProject
Global
	GlobalSection(SolutionConfigurationPlatforms) = preSolution
		Debug|Any CPU = Debug|Any CPU
		Release|Any CPU = Release|Any CPU
	EndGlobalSection
	GlobalSection(ProjectConfigurationPlatforms) = postSolution
		{062F173F-9E37-4365-8FF4-1C25D520FE01}.Debug|Any CPU.ActiveCfg = Debug|Any CPU
		{062F173F-9E37-4365-8FF4-1C25D520FE01}.Debug|Any CPU.Build.0 = Debug|Any CPU
		{062F173F-9E37-4365-8FF4-1C25D520FE01}.Release|Any CPU.ActiveCfg = Release|Any CPU
		{062F173F-9E37-4365-8FF4-1C25D520FE01}.Release|Any CPU.Build.0 = Release|Any CPU
	EndGlobalSection
	GlobalSection(SolutionProperties) = preSolution
		HideSolutionNode = FALSE
	EndGlobalSection
	GlobalSection(ExtensibilityGlobals) = postSolution
		SolutionGuid = {A2058E25-7316-4885-9470-3B832DE24935}
	EndGlobalSection
EndGlobal
